
Microsoft Visual Studio Solution File, Format Version 12.00
# Visual Studio Version 16
VisualStudioVersion = 16.0.29613.14
MinimumVisualStudioVersion = 10.0.40219.1
Project("{2150E333-8FDC-42A3-9474-1A3956D46DE8}") = "SolutionItems", "SolutionItems", "{1D7A00BE-B0BC-474F-AF6A-C0A720CA274B}"
	ProjectSection(SolutionItems) = preProject
		azure-pipelines.yml = azure-pipelines.yml
		HtmlHelpOverview.html = HtmlHelpOverview.html
		LICENSE.txt = LICENSE.txt
		NOTICE.txt = NOTICE.txt
		README.md = README.md
		RELEASE.md = RELEASE.md
		setupdb.cmd = setupdb.cmd
		teardowndb.cmd = teardowndb.cmd
	EndProjectSection
EndProject
Project("{2150E333-8FDC-42A3-9474-1A3956D46DE8}") = "src", "src", "{892E3ACE-AA44-42CE-9BF3-D778BCD81677}"
EndProject
Project("{2150E333-8FDC-42A3-9474-1A3956D46DE8}") = "test", "test", "{9E400E52-68DF-4102-BDFF-CB3B0BB951BE}"
EndProject
Project("{9A19103F-16F7-4668-BE54-9A1E7A4F7556}") = "SqlBatis.DataMapper", "src\SqlBatis.DataMapper\SqlBatis.DataMapper.csproj", "{717B71E8-A018-42FF-9573-F70AF825EA82}"
EndProject
Project("{9A19103F-16F7-4668-BE54-9A1E7A4F7556}") = "SqlBatis.DataMapper.Test", "test\SqlBatis.DataMapper.Test\SqlBatis.DataMapper.Test.csproj", "{2D7F1177-6CF5-4DF2-B973-F0038EEB2031}"
EndProject
Project("{9A19103F-16F7-4668-BE54-9A1E7A4F7556}") = "SqlBatis.DynamicProxy", "src\SqlBatis.DynamicProxy\SqlBatis.DynamicProxy.csproj", "{7073D8DD-5435-4C38-88AE-E6D796BC181A}"
EndProject
Project("{9A19103F-16F7-4668-BE54-9A1E7A4F7556}") = "SqlBatis.Schemas", "src\SqlBatis.Schemas\SqlBatis.Schemas.csproj", "{BEF4D8DA-4D7D-4F06-BEC8-FAD373689F84}"
EndProject
Project("{FAE04EC0-301F-11D3-BF4B-00C04F79EFBC}") = "SqlBatis.DataMapper.Providers.SqlServer", "src\SqlBatis.DataMapper.Providers.SqlServer\SqlBatis.DataMapper.Providers.SqlServer.csproj", "{B79D0DF3-E531-4F15-9C76-5CB70A60D642}"
EndProject
Global
	GlobalSection(SolutionConfigurationPlatforms) = preSolution
		Debug|Any CPU = Debug|Any CPU
		Release|Any CPU = Release|Any CPU
	EndGlobalSection
	GlobalSection(ProjectConfigurationPlatforms) = postSolution
		{717B71E8-A018-42FF-9573-F70AF825EA82}.Debug|Any CPU.ActiveCfg = Debug|Any CPU
		{717B71E8-A018-42FF-9573-F70AF825EA82}.Debug|Any CPU.Build.0 = Debug|Any CPU
		{717B71E8-A018-42FF-9573-F70AF825EA82}.Release|Any CPU.ActiveCfg = Release|Any CPU
		{717B71E8-A018-42FF-9573-F70AF825EA82}.Release|Any CPU.Build.0 = Release|Any CPU
		{2D7F1177-6CF5-4DF2-B973-F0038EEB2031}.Debug|Any CPU.ActiveCfg = Debug|Any CPU
		{2D7F1177-6CF5-4DF2-B973-F0038EEB2031}.Debug|Any CPU.Build.0 = Debug|Any CPU
		{2D7F1177-6CF5-4DF2-B973-F0038EEB2031}.Release|Any CPU.ActiveCfg = Release|Any CPU
		{2D7F1177-6CF5-4DF2-B973-F0038EEB2031}.Release|Any CPU.Build.0 = Release|Any CPU
		{7073D8DD-5435-4C38-88AE-E6D796BC181A}.Debug|Any CPU.ActiveCfg = Debug|Any CPU
		{7073D8DD-5435-4C38-88AE-E6D796BC181A}.Debug|Any CPU.Build.0 = Debug|Any CPU
		{7073D8DD-5435-4C38-88AE-E6D796BC181A}.Release|Any CPU.ActiveCfg = Release|Any CPU
		{7073D8DD-5435-4C38-88AE-E6D796BC181A}.Release|Any CPU.Build.0 = Release|Any CPU
		{BEF4D8DA-4D7D-4F06-BEC8-FAD373689F84}.Debug|Any CPU.ActiveCfg = Debug|Any CPU
		{BEF4D8DA-4D7D-4F06-BEC8-FAD373689F84}.Debug|Any CPU.Build.0 = Debug|Any CPU
		{BEF4D8DA-4D7D-4F06-BEC8-FAD373689F84}.Release|Any CPU.ActiveCfg = Release|Any CPU
		{BEF4D8DA-4D7D-4F06-BEC8-FAD373689F84}.Release|Any CPU.Build.0 = Release|Any CPU
		{B79D0DF3-E531-4F15-9C76-5CB70A60D642}.Debug|Any CPU.ActiveCfg = Debug|Any CPU
		{B79D0DF3-E531-4F15-9C76-5CB70A60D642}.Debug|Any CPU.Build.0 = Debug|Any CPU
		{B79D0DF3-E531-4F15-9C76-5CB70A60D642}.Release|Any CPU.ActiveCfg = Release|Any CPU
		{B79D0DF3-E531-4F15-9C76-5CB70A60D642}.Release|Any CPU.Build.0 = Release|Any CPU
	EndGlobalSection
	GlobalSection(SolutionProperties) = preSolution
		HideSolutionNode = FALSE
	EndGlobalSection
	GlobalSection(NestedProjects) = preSolution
		{717B71E8-A018-42FF-9573-F70AF825EA82} = {892E3ACE-AA44-42CE-9BF3-D778BCD81677}
		{2D7F1177-6CF5-4DF2-B973-F0038EEB2031} = {9E400E52-68DF-4102-BDFF-CB3B0BB951BE}
		{7073D8DD-5435-4C38-88AE-E6D796BC181A} = {892E3ACE-AA44-42CE-9BF3-D778BCD81677}
		{BEF4D8DA-4D7D-4F06-BEC8-FAD373689F84} = {892E3ACE-AA44-42CE-9BF3-D778BCD81677}
		{B79D0DF3-E531-4F15-9C76-5CB70A60D642} = {892E3ACE-AA44-42CE-9BF3-D778BCD81677}
	EndGlobalSection
	GlobalSection(ExtensibilityGlobals) = postSolution
		SolutionGuid = {F8AE650B-B9C8-4085-B0D1-BA2B5999CB49}
	EndGlobalSection
EndGlobal
